// !$*UTF8*$!
{
	archiveVersion = 1;
	classes = {
	};
	objectVersion = 46;
	objects = {

/* Begin PBXBuildFile section */
		2B02E5121B5EE6B900C5D91B /* playSoundsVCViewController.swift in Sources */ = {isa = PBXBuildFile; fileRef = 2B02E5111B5EE6B900C5D91B /* playSoundsVCViewController.swift */; };
		2B94073E1B62E07500B83224 /* RecordedAudio.swift in Sources */ = {isa = PBXBuildFile; fileRef = 2B94073D1B62E07500B83224 /* RecordedAudio.swift */; };
		2BA3D6041B59ADEA00E6EE3C /* AppDelegate.swift in Sources */ = {isa = PBXBuildFile; fileRef = 2BA3D6031B59ADEA00E6EE3C /* AppDelegate.swift */; };
		2BA3D6061B59ADEA00E6EE3C /* RecordSoundsViewController.swift in Sources */ = {isa = PBXBuildFile; fileRef = 2BA3D6051B59ADEA00E6EE3C /* RecordSoundsViewController.swift */; };
		2BA3D6091B59ADEA00E6EE3C /* Main.storyboard in Resources */ = {isa = PBXBuildFile; fileRef = 2BA3D6071B59ADEA00E6EE3C /* Main.storyboard */; };
		2BA3D60B1B59ADEA00E6EE3C /* Assets.xcassets in Resources */ = {isa = PBXBuildFile; fileRef = 2BA3D60A1B59ADEA00E6EE3C /* Assets.xcassets */; };
		2BA3D6191B59ADEA00E6EE3C /* Pitch_PerfectTests.swift in Sources */ = {isa = PBXBuildFile; fileRef = 2BA3D6181B59ADEA00E6EE3C /* Pitch_PerfectTests.swift */; };
		2BA3D6241B59ADEA00E6EE3C /* Pitch_PerfectUITests.swift in Sources */ = {isa = PBXBuildFile; fileRef = 2BA3D6231B59ADEA00E6EE3C /* Pitch_PerfectUITests.swift */; };
/* End PBXBuildFile section */

/* Begin PBXContainerItemProxy section */
		2BA3D6151B59ADEA00E6EE3C /* PBXContainerItemProxy */ = {
			isa = PBXContainerItemProxy;
			containerPortal = 2BA3D5F81B59ADE900E6EE3C /* Project object */;
			proxyType = 1;
			remoteGlobalIDString = 2BA3D5FF1B59ADE900E6EE3C;
			remoteInfo = "Pitch Perfect";
		};
		2BA3D6201B59ADEA00E6EE3C /* PBXContainerItemProxy */ = {
			isa = PBXContainerItemProxy;
			containerPortal = 2BA3D5F81B59ADE900E6EE3C /* Project object */;
			proxyType = 1;
			remoteGlobalIDString = 2BA3D5FF1B59ADE900E6EE3C;
			remoteInfo = "Pitch Perfect";
		};
/* End PBXContainerItemProxy section */

/* Begin PBXFileReference section */
		2B02E5111B5EE6B900C5D91B /* playSoundsVCViewController.swift */ = {isa = PBXFileReference; fileEncoding = 4; lastKnownFileType = sourcecode.swift; path = playSoundsVCViewController.swift; sourceTree = "<group>"; };
		2B94073D1B62E07500B83224 /* RecordedAudio.swift */ = {isa = PBXFileReference; fileEncoding = 4; lastKnownFileType = sourcecode.swift; path = RecordedAudio.swift; sourceTree = "<group>"; };
		2BA3D6001B59ADEA00E6EE3C /* Pitch Perfect.app */ = {isa = PBXFileReference; explicitFileType = wrapper.application; includeInIndex = 0; path = "Pitch Perfect.app"; sourceTree = BUILT_PRODUCTS_DIR; };
		2BA3D6031B59ADEA00E6EE3C /* AppDelegate.swift */ = {isa = PBXFileReference; lastKnownFileType = sourcecode.swift; path = AppDelegate.swift; sourceTree = "<group>"; };
		2BA3D6051B59ADEA00E6EE3C /* RecordSoundsViewController.swift */ = {isa = PBXFileReference; lastKnownFileType = sourcecode.swift; path = RecordSoundsViewController.swift; sourceTree = "<group>"; };
		2BA3D6081B59ADEA00E6EE3C /* Base */ = {isa = PBXFileReference; lastKnownFileType = file.storyboard; name = Base; path = Base.lproj/Main.storyboard; sourceTree = "<group>"; };
		2BA3D60A1B59ADEA00E6EE3C /* Assets.xcassets */ = {isa = PBXFileReference; lastKnownFileType = folder.assetcatalog; path = Assets.xcassets; sourceTree = "<group>"; };
		2BA3D60F1B59ADEA00E6EE3C /* Info.plist */ = {isa = PBXFileReference; lastKnownFileType = text.plist.xml; path = Info.plist; sourceTree = "<group>"; };
		2BA3D6141B59ADEA00E6EE3C /* Pitch PerfectTests.xctest */ = {isa = PBXFileReference; explicitFileType = wrapper.cfbundle; includeInIndex = 0; path = "Pitch PerfectTests.xctest"; sourceTree = BUILT_PRODUCTS_DIR; };
		2BA3D6181B59ADEA00E6EE3C /* Pitch_PerfectTests.swift */ = {isa = PBXFileReference; lastKnownFileType = sourcecode.swift; path = Pitch_PerfectTests.swift; sourceTree = "<group>"; };
		2BA3D61A1B59ADEA00E6EE3C /* Info.plist */ = {isa = PBXFileReference; lastKnownFileType = text.plist.xml; path = Info.plist; sourceTree = "<group>"; };
		2BA3D61F1B59ADEA00E6EE3C /* Pitch PerfectUITests.xctest */ = {isa = PBXFileReference; explicitFileType = wrapper.cfbundle; includeInIndex = 0; path = "Pitch PerfectUITests.xctest"; sourceTree = BUILT_PRODUCTS_DIR; };
		2BA3D6231B59ADEA00E6EE3C /* Pitch_PerfectUITests.swift */ = {isa = PBXFileReference; lastKnownFileType = sourcecode.swift; path = Pitch_PerfectUITests.swift; sourceTree = "<group>"; };
		2BA3D6251B59ADEA00E6EE3C /* Info.plist */ = {isa = PBXFileReference; lastKnownFileType = text.plist.xml; path = Info.plist; sourceTree = "<group>"; };
/* End PBXFileReference section */

/* Begin PBXFrameworksBuildPhase section */
		2BA3D5FD1B59ADE900E6EE3C /* Frameworks */ = {
			isa = PBXFrameworksBuildPhase;
			buildActionMask = 2147483647;
			files = (
			);
			runOnlyForDeploymentPostprocessing = 0;
		};
		2BA3D6111B59ADEA00E6EE3C /* Frameworks */ = {
			isa = PBXFrameworksBuildPhase;
			buildActionMask = 2147483647;
			files = (
			);
			runOnlyForDeploymentPostprocessing = 0;
		};
		2BA3D61C1B59ADEA00E6EE3C /* Frameworks */ = {
			isa = PBXFrameworksBuildPhase;
			buildActionMask = 2147483647;
			files = (
			);
			runOnlyForDeploymentPostprocessing = 0;
		};
/* End PBXFrameworksBuildPhase section */

/* Begin PBXGroup section */
		2BA3D5F71B59ADE900E6EE3C = {
			isa = PBXGroup;
			children = (
				2BA3D6021B59ADEA00E6EE3C /* Pitch Perfect */,
				2BA3D6171B59ADEA00E6EE3C /* Pitch PerfectTests */,
				2BA3D6221B59ADEA00E6EE3C /* Pitch PerfectUITests */,
				2BA3D6011B59ADEA00E6EE3C /* Products */,
			);
			sourceTree = "<group>";
		};
		2BA3D6011B59ADEA00E6EE3C /* Products */ = {
			isa = PBXGroup;
			children = (
				2BA3D6001B59ADEA00E6EE3C /* Pitch Perfect.app */,
				2BA3D6141B59ADEA00E6EE3C /* Pitch PerfectTests.xctest */,
				2BA3D61F1B59ADEA00E6EE3C /* Pitch PerfectUITests.xctest */,
			);
			name = Products;
			sourceTree = "<group>";
		};
		2BA3D6021B59ADEA00E6EE3C /* Pitch Perfect */ = {
			isa = PBXGroup;
			children = (
				2BA3D6031B59ADEA00E6EE3C /* AppDelegate.swift */,
				2BA3D6051B59ADEA00E6EE3C /* RecordSoundsViewController.swift */,
				2BA3D6071B59ADEA00E6EE3C /* Main.storyboard */,
				2B94073D1B62E07500B83224 /* RecordedAudio.swift */,
				2B02E5111B5EE6B900C5D91B /* playSoundsVCViewController.swift */,
				2BA3D60A1B59ADEA00E6EE3C /* Assets.xcassets */,
				2BA3D60F1B59ADEA00E6EE3C /* Info.plist */,
			);
			path = "Pitch Perfect";
			sourceTree = "<group>";
		};
		2BA3D6171B59ADEA00E6EE3C /* Pitch PerfectTests */ = {
			isa = PBXGroup;
			children = (
				2BA3D6181B59ADEA00E6EE3C /* Pitch_PerfectTests.swift */,
				2BA3D61A1B59ADEA00E6EE3C /* Info.plist */,
			);
			path = "Pitch PerfectTests";
			sourceTree = "<group>";
		};
		2BA3D6221B59ADEA00E6EE3C /* Pitch PerfectUITests */ = {
			isa = PBXGroup;
			children = (
				2BA3D6231B59ADEA00E6EE3C /* Pitch_PerfectUITests.swift */,
				2BA3D6251B59ADEA00E6EE3C /* Info.plist */,
			);
			path = "Pitch PerfectUITests";
			sourceTree = "<group>";
		};
/* End PBXGroup section */

/* Begin PBXNativeTarget section */
		2BA3D5FF1B59ADE900E6EE3C /* Pitch Perfect */ = {
			isa = PBXNativeTarget;
			buildConfigurationList = 2BA3D6281B59ADEA00E6EE3C /* Build configuration list for PBXNativeTarget "Pitch Perfect" */;
			buildPhases = (
				2BA3D5FC1B59ADE900E6EE3C /* Sources */,
				2BA3D5FD1B59ADE900E6EE3C /* Frameworks */,
				2BA3D5FE1B59ADE900E6EE3C /* Resources */,
			);
			buildRules = (
			);
			dependencies = (
			);
			name = "Pitch Perfect";
			productName = "Pitch Perfect";
			productReference = 2BA3D6001B59ADEA00E6EE3C /* Pitch Perfect.app */;
			productType = "com.apple.product-type.application";
		};
		2BA3D6131B59ADEA00E6EE3C /* Pitch PerfectTests */ = {
			isa = PBXNativeTarget;
			buildConfigurationList = 2BA3D62B1B59ADEA00E6EE3C /* Build configuration list for PBXNativeTarget "Pitch PerfectTests" */;
			buildPhases = (
				2BA3D6101B59ADEA00E6EE3C /* Sources */,
				2BA3D6111B59ADEA00E6EE3C /* Frameworks */,
				2BA3D6121B59ADEA00E6EE3C /* Resources */,
			);
			buildRules = (
			);
			dependencies = (
				2BA3D6161B59ADEA00E6EE3C /* PBXTargetDependency */,
			);
			name = "Pitch PerfectTests";
			productName = "Pitch PerfectTests";
			productReference = 2BA3D6141B59ADEA00E6EE3C /* Pitch PerfectTests.xctest */;
			productType = "com.apple.product-type.bundle.unit-test";
		};
		2BA3D61E1B59ADEA00E6EE3C /* Pitch PerfectUITests */ = {
			isa = PBXNativeTarget;
			buildConfigurationList = 2BA3D62E1B59ADEA00E6EE3C /* Build configuration list for PBXNativeTarget "Pitch PerfectUITests" */;
			buildPhases = (
				2BA3D61B1B59ADEA00E6EE3C /* Sources */,
				2BA3D61C1B59ADEA00E6EE3C /* Frameworks */,
				2BA3D61D1B59ADEA00E6EE3C /* Resources */,
			);
			buildRules = (
			);
			dependencies = (
				2BA3D6211B59ADEA00E6EE3C /* PBXTargetDependency */,
			);
			name = "Pitch PerfectUITests";
			productName = "Pitch PerfectUITests";
			productReference = 2BA3D61F1B59ADEA00E6EE3C /* Pitch PerfectUITests.xctest */;
			productType = "com.apple.product-type.bundle.ui-testing";
		};
/* End PBXNativeTarget section */

/* Begin PBXProject section */
		2BA3D5F81B59ADE900E6EE3C /* Project object */ = {
			isa = PBXProject;
			attributes = {
				LastUpgradeCheck = 0700;
				ORGANIZATIONNAME = "Richard Smith";
				TargetAttributes = {
					2BA3D5FF1B59ADE900E6EE3C = {
						CreatedOnToolsVersion = 7.0;
					};
					2BA3D6131B59ADEA00E6EE3C = {
						CreatedOnToolsVersion = 7.0;
						TestTargetID = 2BA3D5FF1B59ADE900E6EE3C;
					};
					2BA3D61E1B59ADEA00E6EE3C = {
						CreatedOnToolsVersion = 7.0;
						TestTargetID = 2BA3D5FF1B59ADE900E6EE3C;
					};
				};
			};
			buildConfigurationList = 2BA3D5FB1B59ADE900E6EE3C /* Build configuration list for PBXProject "Pitch Perfect" */;
			compatibilityVersion = "Xcode 3.2";
			developmentRegion = English;
			hasScannedForEncodings = 0;
			knownRegions = (
				en,
				Base,
			);
			mainGroup = 2BA3D5F71B59ADE900E6EE3C;
			productRefGroup = 2BA3D6011B59ADEA00E6EE3C /* Products */;
			projectDirPath = "";
			projectRoot = "";
			targets = (
				2BA3D5FF1B59ADE900E6EE3C /* Pitch Perfect */,
				2BA3D6131B59ADEA00E6EE3C /* Pitch PerfectTests */,
				2BA3D61E1B59ADEA00E6EE3C /* Pitch PerfectUITests */,
			);
		};
/* End PBXProject section */

/* Begin PBXResourcesBuildPhase section */
		2BA3D5FE1B59ADE900E6EE3C /* Resources */ = {
			isa = PBXResourcesBuildPhase;
			buildActionMask = 2147483647;
			files = (
				2BA3D60B1B59ADEA00E6EE3C /* Assets.xcassets in Resources */,
				2BA3D6091B59ADEA00E6EE3C /* Main.storyboard in Resources */,
			);
			runOnlyForDeploymentPostprocessing = 0;
		};
		2BA3D6121B59ADEA00E6EE3C /* Resources */ = {
			isa = PBXResourcesBuildPhase;
			buildActionMask = 2147483647;
			files = (
			);
			runOnlyForDeploymentPostprocessing = 0;
		};
		2BA3D61D1B59ADEA00E6EE3C /* Resources */ = {
			isa = PBXResourcesBuildPhase;
			buildActionMask = 2147483647;
			files = (
			);
			runOnlyForDeploymentPostprocessing = 0;
		};
/* End PBXResourcesBuildPhase section */

/* Begin PBXSourcesBuildPhase section */
		2BA3D5FC1B59ADE900E6EE3C /* Sources */ = {
			isa = PBXSourcesBuildPhase;
			buildActionMask = 2147483647;
			files = (
				2B94073E1B62E07500B83224 /* RecordedAudio.swift in Sources */,
				2BA3D6061B59ADEA00E6EE3C /* RecordSoundsViewController.swift in Sources */,
				2B02E5121B5EE6B900C5D91B /* playSoundsVCViewController.swift in Sources */,
				2BA3D6041B59ADEA00E6EE3C /* AppDelegate.swift in Sources */,
			);
			runOnlyForDeploymentPostprocessing = 0;
		};
		2BA3D6101B59ADEA00E6EE3C /* Sources */ = {
			isa = PBXSourcesBuildPhase;
			buildActionMask = 2147483647;
			files = (
				2BA3D6191B59ADEA00E6EE3C /* Pitch_PerfectTests.swift in Sources */,
			);
			runOnlyForDeploymentPostprocessing = 0;
		};
		2BA3D61B1B59ADEA00E6EE3C /* Sources */ = {
			isa = PBXSourcesBuildPhase;
			buildActionMask = 2147483647;
			files = (
				2BA3D6241B59ADEA00E6EE3C /* Pitch_PerfectUITests.swift in Sources */,
			);
			runOnlyForDeploymentPostprocessing = 0;
		};
/* End PBXSourcesBuildPhase section */

/* Begin PBXTargetDependency section */
		2BA3D6161B59ADEA00E6EE3C /* PBXTargetDependency */ = {
			isa = PBXTargetDependency;
			target = 2BA3D5FF1B59ADE900E6EE3C /* Pitch Perfect */;
			targetProxy = 2BA3D6151B59ADEA00E6EE3C /* PBXContainerItemProxy */;
		};
		2BA3D6211B59ADEA00E6EE3C /* PBXTargetDependency */ = {
			isa = PBXTargetDependency;
			target = 2BA3D5FF1B59ADE900E6EE3C /* Pitch Perfect */;
			targetProxy = 2BA3D6201B59ADEA00E6EE3C /* PBXContainerItemProxy */;
		};
/* End PBXTargetDependency section */

/* Begin PBXVariantGroup section */
		2BA3D6071B59ADEA00E6EE3C /* Main.storyboard */ = {
			isa = PBXVariantGroup;
			children = (
				2BA3D6081B59ADEA00E6EE3C /* Base */,
			);
			name = Main.storyboard;
			sourceTree = "<group>";
		};
/* End PBXVariantGroup section */

/* Begin XCBuildConfiguration section */
		2BA3D6261B59ADEA00E6EE3C /* Debug */ = {
			isa = XCBuildConfiguration;
			buildSettings = {
				ALWAYS_SEARCH_USER_PATHS = NO;
				CLANG_CXX_LANGUAGE_STANDARD = "gnu++0x";
				CLANG_CXX_LIBRARY = "libc++";
				CLANG_ENABLE_MODULES = YES;
				CLANG_ENABLE_OBJC_ARC = YES;
				CLANG_WARN_BOOL_CONVERSION = YES;
				CLANG_WARN_CONSTANT_CONVERSION = YES;
				CLANG_WARN_DIRECT_OBJC_ISA_USAGE = YES_ERROR;
				CLANG_WARN_EMPTY_BODY = YES;
				CLANG_WARN_ENUM_CONVERSION = YES;
				CLANG_WARN_INT_CONVERSION = YES;
				CLANG_WARN_OBJC_ROOT_CLASS = YES_ERROR;
				CLANG_WARN_UNREACHABLE_CODE = YES;
				CLANG_WARN__DUPLICATE_METHOD_MATCH = YES;
				"CODE_SIGN_IDENTITY[sdk=iphoneos*]" = "iPhone Developer";
				COPY_PHASE_STRIP = NO;
				DEBUG_INFORMATION_FORMAT = dwarf;
				ENABLE_STRICT_OBJC_MSGSEND = YES;
				ENABLE_TESTABILITY = YES;
				GCC_C_LANGUAGE_STANDARD = gnu99;
				GCC_DYNAMIC_NO_PIC = NO;
				GCC_NO_COMMON_BLOCKS = YES;
				GCC_OPTIMIZATION_LEVEL = 0;
				GCC_PREPROCESSOR_DEFINITIONS = (
					"DEBUG=1",
					"$(inherited)",
				);
				GCC_WARN_64_TO_32_BIT_CONVERSION = YES;
				GCC_WARN_ABOUT_RETURN_TYPE = YES_ERROR;
				GCC_WARN_UNDECLARED_SELECTOR = YES;
				GCC_WARN_UNINITIALIZED_AUTOS = YES_AGGRESSIVE;
				GCC_WARN_UNUSED_FUNCTION = YES;
				GCC_WARN_UNUSED_VARIABLE = YES;
				IPHONEOS_DEPLOYMENT_TARGET = 9.0;
				MTL_ENABLE_DEBUG_INFO = YES;
				ONLY_ACTIVE_ARCH = YES;
				SDKROOT = iphoneos;
				SWIFT_OPTIMIZATION_LEVEL = "-Onone";
			};
			name = Debug;
		};
		2BA3D6271B59ADEA00E6EE3C /* Release */ = {
			isa = XCBuildConfiguration;
			buildSettings = {
				ALWAYS_SEARCH_USER_PATHS = NO;
				CLANG_CXX_LANGUAGE_STANDARD = "gnu++0x";
				CLANG_CXX_LIBRARY = "libc++";
				CLANG_ENABLE_MODULES = YES;
				CLANG_ENABLE_OBJC_ARC = YES;
				CLANG_WARN_BOOL_CONVERSION = YES;
				CLANG_WARN_CONSTANT_CONVERSION = YES;
				CLANG_WARN_DIRECT_OBJC_ISA_USAGE = YES_ERROR;
				CLANG_WARN_EMPTY_BODY = YES;
				CLANG_WARN_ENUM_CONVERSION = YES;
				CLANG_WARN_INT_CONVERSION = YES;
				CLANG_WARN_OBJC_ROOT_CLASS = YES_ERROR;
				CLANG_WARN_UNREACHABLE_CODE = YES;
				CLANG_WARN__DUPLICATE_METHOD_MATCH = YES;
				"CODE_SIGN_IDENTITY[sdk=iphoneos*]" = "iPhone Developer";
				COPY_PHASE_STRIP = NO;
				DEBUG_INFORMATION_FORMAT = "dwarf-with-dsym";
				ENABLE_NS_ASSERTIONS = NO;
				ENABLE_STRICT_OBJC_MSGSEND = YES;
				GCC_C_LANGUAGE_STANDARD = gnu99;
				GCC_NO_COMMON_BLOCKS = YES;
				GCC_WARN_64_TO_32_BIT_CONVERSION = YES;
				GCC_WARN_ABOUT_RETURN_TYPE = YES_ERROR;
				GCC_WARN_UNDECLARED_SELECTOR = YES;
				GCC_WARN_UNINITIALIZED_AUTOS = YES_AGGRESSIVE;
				GCC_WARN_UNUSED_FUNCTION = YES;
				GCC_WARN_UNUSED_VARIABLE = YES;
				IPHONEOS_DEPLOYMENT_TARGET = 9.0;
				MTL_ENABLE_DEBUG_INFO = NO;
				SDKROOT = iphoneos;
				VALIDATE_PRODUCT = YES;
			};
			name = Release;
		};
		2BA3D6291B59ADEA00E6EE3C /* Debug */ = {
			isa = XCBuildConfiguration;
			buildSettings = {
				ASSETCATALOG_COMPILER_APPICON_NAME = AppIcon;
				CODE_SIGN_IDENTITY = "iPhone Developer";
				INFOPLIST_FILE = "Pitch Perfect/Info.plist";
				IPHONEOS_DEPLOYMENT_TARGET = 8.4;
				LD_RUNPATH_SEARCH_PATHS = "$(inherited) @executable_path/Frameworks";
				PRODUCT_BUNDLE_IDENTIFIER = "Self.edu.Pitch-Perfect";
				PRODUCT_NAME = "$(TARGET_NAME)";
				TARGETED_DEVICE_FAMILY = 1;
			};
			name = Debug;
		};
		2BA3D62A1B59ADEA00E6EE3C /* Release */ = {
			isa = XCBuildConfiguration;
			buildSettings = {
				ASSETCATALOG_COMPILER_APPICON_NAME = AppIcon;
				CODE_SIGN_IDENTITY = "iPhone Developer";
				INFOPLIST_FILE = "Pitch Perfect/Info.plist";
				IPHONEOS_DEPLOYMENT_TARGET = 8.4;
				LD_RUNPATH_SEARCH_PATHS = "$(inherited) @executable_path/Frameworks";
				PRODUCT_BUNDLE_IDENTIFIER = "Self.edu.Pitch-Perfect";
				PRODUCT_NAME = "$(TARGET_NAME)";
				TARGETED_DEVICE_FAMILY = 1;
			};
			name = Release;
		};
		2BA3D62C1B59ADEA00E6EE3C /* Debug */ = {
			isa = XCBuildConfiguration;
			buildSettings = {
				INFOPLIST_FILE = "Pitch PerfectTests/Info.plist";
				IPHONEOS_DEPLOYMENT_TARGET = 8.4;
				LD_RUNPATH_SEARCH_PATHS = "$(inherited) @executable_path/Frameworks @loader_path/Frameworks";
				PRODUCT_BUNDLE_IDENTIFIER = "Self.edu.Pitch-PerfectTests";
				PRODUCT_NAME = "$(TARGET_NAME)";
				TEST_HOST = "$(BUILT_PRODUCTS_DIR)/Pitch Perfect.app/Pitch Perfect";
			};
			name = Debug;
		};
		2BA3D62D1B59ADEA00E6EE3C /* Release */ = {
			isa = XCBuildConfiguration;
			buildSettings = {
				INFOPLIST_FILE = "Pitch PerfectTests/Info.plist";
				IPHONEOS_DEPLOYMENT_TARGET = 8.4;
				LD_RUNPATH_SEARCH_PATHS = "$(inherited) @executable_path/Frameworks @loader_path/Frameworks";
				PRODUCT_BUNDLE_IDENTIFIER = "Self.edu.Pitch-PerfectTests";
				PRODUCT_NAME = "$(TARGET_NAME)";
				TEST_HOST = "$(BUILT_PRODUCTS_DIR)/Pitch Perfect.app/Pitch Perfect";
			};
			name = Release;
		};
		2BA3D62F1B59ADEA00E6EE3C /* Debug */ = {
			isa = XCBuildConfiguration;
			buildSettings = {
				INFOPLIST_FILE = "Pitch PerfectUITests/Info.plist";
				IPHONEOS_DEPLOYMENT_TARGET = 8.4;
				LD_RUNPATH_SEARCH_PATHS = "$(inherited) @executable_path/Frameworks @loader_path/Frameworks";
				PRODUCT_BUNDLE_IDENTIFIER = "Self.edu.Pitch-PerfectUITests";
				PRODUCT_NAME = "$(TARGET_NAME)";
				TEST_TARGET_NAME = "Pitch Perfect";
				USES_XCTRUNNER = YES;
			};
			name = Debug;
		};
		2BA3D6301B59ADEA00E6EE3C /* Release */ = {
			isa = XCBuildConfiguration;
			buildSettings = {
				INFOPLIST_FILE = "Pitch PerfectUITests/Info.plist";
				IPHONEOS_DEPLOYMENT_TARGET = 8.4;
				LD_RUNPATH_SEARCH_PATHS = "$(inherited) @executable_path/Frameworks @loader_path/Frameworks";
				PRODUCT_BUNDLE_IDENTIFIER = "Self.edu.Pitch-PerfectUITests";
				PRODUCT_NAME = "$(TARGET_NAME)";
				TEST_TARGET_NAME = "Pitch Perfect";
				USES_XCTRUNNER = YES;
			};
			name = Release;
		};
/* End XCBuildConfiguration section */

/* Begin XCConfigurationList section */
		2BA3D5FB1B59ADE900E6EE3C /* Build configuration list for PBXProject "Pitch Perfect" */ = {
			isa = XCConfigurationList;
			buildConfigurations = (
				2BA3D6261B59ADEA00E6EE3C /* Debug */,
				2BA3D6271B59ADEA00E6EE3C /* Release */,
			);
			defaultConfigurationIsVisible = 0;
			defaultConfigurationName = Release;
		};
		2BA3D6281B59ADEA00E6EE3C /* Build configuration list for PBXNativeTarget "Pitch Perfect" */ = {
			isa = XCConfigurationList;
			buildConfigurations = (
				2BA3D6291B59ADEA00E6EE3C /* Debug */,
				2BA3D62A1B59ADEA00E6EE3C /* Release */,
			);
			defaultConfigurationIsVisible = 0;
			defaultConfigurationName = Release;
		};
		2BA3D62B1B59ADEA00E6EE3C /* Build configuration list for PBXNativeTarget "Pitch PerfectTests" */ = {
			isa = XCConfigurationList;
			buildConfigurations = (
				2BA3D62C1B59ADEA00E6EE3C /* Debug */,
				2BA3D62D1B59ADEA00E6EE3C /* Release */,
			);
			defaultConfigurationIsVisible = 0;
			defaultConfigurationName = Release;
		};
		2BA3D62E1B59ADEA00E6EE3C /* Build configuration list for PBXNativeTarget "Pitch PerfectUITests" */ = {
			isa = XCConfigurationList;
			buildConfigurations = (
				2BA3D62F1B59ADEA00E6EE3C /* Debug */,
				2BA3D6301B59ADEA00E6EE3C /* Release */,
			);
			defaultConfigurationIsVisible = 0;
			defaultConfigurationName = Release;
		};
/* End XCConfigurationList section */
	};
	rootObject = 2BA3D5F81B59ADE900E6EE3C /* Project object */;
}
